
Microsoft Visual Studio Solution File, Format Version 12.00
# Visual Studio 14
VisualStudioVersion = 14.0.25420.1
MinimumVisualStudioVersion = 10.0.40219.1
Project("{FAE04EC0-301F-11D3-BF4B-00C04F79EFBC}") = "MyLMS", "MyLMS\MyLMS.csproj", "{DE05A880-852B-49AB-9676-74AA9377B9ED}"
EndProject
Project("{FAE04EC0-301F-11D3-BF4B-00C04F79EFBC}") = "UtilityClass", "UtilityClass\UtilityClass.csproj", "{361CCFDB-D949-45B7-9555-591469DFB987}"
EndProject
Global
	GlobalSection(SolutionConfigurationPlatforms) = preSolution
		Debug|Any CPU = Debug|Any CPU
		Release|Any CPU = Release|Any CPU
	EndGlobalSection
	GlobalSection(ProjectConfigurationPlatforms) = postSolution
		{DE05A880-852B-49AB-9676-74AA9377B9ED}.Debug|Any CPU.ActiveCfg = Debug|Any CPU
		{DE05A880-852B-49AB-9676-74AA9377B9ED}.Debug|Any CPU.Build.0 = Debug|Any CPU
		{DE05A880-852B-49AB-9676-74AA9377B9ED}.Release|Any CPU.ActiveCfg = Release|Any CPU
		{DE05A880-852B-49AB-9676-74AA9377B9ED}.Release|Any CPU.Build.0 = Release|Any CPU
	EndGlobalSection
	GlobalSection(SolutionProperties) = preSolution
		HideSolutionNode = FALSE
	EndGlobalSection
EndGlobal
